
Microsoft Visual Studio Solution File, Format Version 11.00
# Visual Studio 2010
Project("{FAE04EC0-301F-11D3-BF4B-00C04F79EFBC}") = "LD50_Simulator", "LD50_Simulator\LD50_Simulator.csproj", "{53971B56-D600-45C2-BADC-F316C9515FD8}"
EndProject
Project("{FAE04EC0-301F-11D3-BF4B-00C04F79EFBC}") = "SARControlLib", "SARControlLib\SARControlLib.csproj", "{130933F6-E37E-4DF6-B34E-6B1713CA8787}"
EndProject
Project("{FAE04EC0-301F-11D3-BF4B-00C04F79EFBC}") = "SimulatorModel", "SimulatorModel\SimulatorModel.csproj", "{BE984F19-B991-4BF5-AF99-AB5D54E97A16}"
EndProject
Project("{FAE04EC0-301F-11D3-BF4B-00C04F79EFBC}") = "Simulator_ViewModel", "Simulator_ViewModel\Simulator_ViewModel.csproj", "{03332F59-81C2-4F41-B285-033D594DC6C6}"
EndProject
Global
	GlobalSection(SolutionConfigurationPlatforms) = preSolution
		Debug|Any CPU = Debug|Any CPU
		Release|Any CPU = Release|Any CPU
	EndGlobalSection
	GlobalSection(ProjectConfigurationPlatforms) = postSolution
		{53971B56-D600-45C2-BADC-F316C9515FD8}.Debug|Any CPU.ActiveCfg = Debug|Any CPU
		{53971B56-D600-45C2-BADC-F316C9515FD8}.Debug|Any CPU.Build.0 = Debug|Any CPU
		{53971B56-D600-45C2-BADC-F316C9515FD8}.Release|Any CPU.ActiveCfg = Release|Any CPU
		{53971B56-D600-45C2-BADC-F316C9515FD8}.Release|Any CPU.Build.0 = Release|Any CPU
		{130933F6-E37E-4DF6-B34E-6B1713CA8787}.Debug|Any CPU.ActiveCfg = Debug|Any CPU
		{130933F6-E37E-4DF6-B34E-6B1713CA8787}.Debug|Any CPU.Build.0 = Debug|Any CPU
		{130933F6-E37E-4DF6-B34E-6B1713CA8787}.Release|Any CPU.ActiveCfg = Release|Any CPU
		{130933F6-E37E-4DF6-B34E-6B1713CA8787}.Release|Any CPU.Build.0 = Release|Any CPU
		{BE984F19-B991-4BF5-AF99-AB5D54E97A16}.Debug|Any CPU.ActiveCfg = Debug|Any CPU
		{BE984F19-B991-4BF5-AF99-AB5D54E97A16}.Debug|Any CPU.Build.0 = Debug|Any CPU
		{BE984F19-B991-4BF5-AF99-AB5D54E97A16}.Release|Any CPU.ActiveCfg = Release|Any CPU
		{BE984F19-B991-4BF5-AF99-AB5D54E97A16}.Release|Any CPU.Build.0 = Release|Any CPU
		{03332F59-81C2-4F41-B285-033D594DC6C6}.Debug|Any CPU.ActiveCfg = Debug|Any CPU
		{03332F59-81C2-4F41-B285-033D594DC6C6}.Debug|Any CPU.Build.0 = Debug|Any CPU
		{03332F59-81C2-4F41-B285-033D594DC6C6}.Release|Any CPU.ActiveCfg = Release|Any CPU
		{03332F59-81C2-4F41-B285-033D594DC6C6}.Release|Any CPU.Build.0 = Release|Any CPU
	EndGlobalSection
	GlobalSection(SolutionProperties) = preSolution
		HideSolutionNode = FALSE
	EndGlobalSection
EndGlobal
