
Microsoft Visual Studio Solution File, Format Version 11.00
# Visual Studio 2010
Project("{FAE04EC0-301F-11D3-BF4B-00C04F79EFBC}") = "ISafe_Algorithm", "ISafe_Algorithm\ISafe_Algorithm.csproj", "{1EE2C9E9-BF01-481C-887E-59CE97ABA691}"
EndProject
Global
	GlobalSection(SolutionConfigurationPlatforms) = preSolution
		Debug|Any CPU = Debug|Any CPU
		Release|Any CPU = Release|Any CPU
	EndGlobalSection
	GlobalSection(ProjectConfigurationPlatforms) = postSolution
		{1EE2C9E9-BF01-481C-887E-59CE97ABA691}.Debug|Any CPU.ActiveCfg = Debug|Any CPU
		{1EE2C9E9-BF01-481C-887E-59CE97ABA691}.Debug|Any CPU.Build.0 = Debug|Any CPU
		{1EE2C9E9-BF01-481C-887E-59CE97ABA691}.Release|Any CPU.ActiveCfg = Release|Any CPU
		{1EE2C9E9-BF01-481C-887E-59CE97ABA691}.Release|Any CPU.Build.0 = Release|Any CPU
	EndGlobalSection
	GlobalSection(SolutionProperties) = preSolution
		HideSolutionNode = FALSE
	EndGlobalSection
EndGlobal
