
Microsoft Visual Studio Solution File, Format Version 11.00
# Visual Studio 2010
Project("{FAE04EC0-301F-11D3-BF4B-00C04F79EFBC}") = "ISafe_Model", "ISafe_Model\ISafe_Model.csproj", "{49A73DB0-BCF0-4D33-9B27-7E307604EB1D}"
EndProject
Global
	GlobalSection(SolutionConfigurationPlatforms) = preSolution
		Debug|Any CPU = Debug|Any CPU
		Release|Any CPU = Release|Any CPU
	EndGlobalSection
	GlobalSection(ProjectConfigurationPlatforms) = postSolution
		{49A73DB0-BCF0-4D33-9B27-7E307604EB1D}.Debug|Any CPU.ActiveCfg = Debug|Any CPU
		{49A73DB0-BCF0-4D33-9B27-7E307604EB1D}.Debug|Any CPU.Build.0 = Debug|Any CPU
		{49A73DB0-BCF0-4D33-9B27-7E307604EB1D}.Release|Any CPU.ActiveCfg = Release|Any CPU
		{49A73DB0-BCF0-4D33-9B27-7E307604EB1D}.Release|Any CPU.Build.0 = Release|Any CPU
	EndGlobalSection
	GlobalSection(SolutionProperties) = preSolution
		HideSolutionNode = FALSE
	EndGlobalSection
EndGlobal
